
Microsoft Visual Studio Solution File, Format Version 12.00
# Visual Studio Version 17
VisualStudioVersion = 17.6.33801.468
MinimumVisualStudioVersion = 10.0.40219.1
Project("{9A19103F-16F7-4668-BE54-9A1E7A4F7556}") = "PCHCB.Web", "PCHCB.Web\PCHCB.Web.csproj", "{946C1A13-5B30-4537-A9FB-1B6B04D91123}"
EndProject
Project("{9A19103F-16F7-4668-BE54-9A1E7A4F7556}") = "PCHCB.Common", "PCHCB.Common\PCHCB.Common.csproj", "{AD30DDEC-493A-4221-8C56-E44F35A19423}"
EndProject
Project("{2150E333-8FDC-42A3-9474-1A3956D46DE8}") = "Web", "Web", "{C4FF5E83-1F75-44AE-B022-9AF74D5B5FBC}"
EndProject
Project("{2150E333-8FDC-42A3-9474-1A3956D46DE8}") = "Data", "Data", "{0E40A9DC-1E42-45BD-B582-0F6C26297AE2}"
EndProject
Project("{9A19103F-16F7-4668-BE54-9A1E7A4F7556}") = "PCHCB.Data", "PCHCB.Data\PCHCB.Data.csproj", "{AF5C53E1-4E74-432F-BD8C-120E77D5D5A4}"
EndProject
Project("{9A19103F-16F7-4668-BE54-9A1E7A4F7556}") = "PCHCB.Data.Models", "PCHCB.Data.Models\PCHCB.Data.Models.csproj", "{060D28D9-CAF1-4657-8CBD-374C33AA3EAF}"
EndProject
Project("{9A19103F-16F7-4668-BE54-9A1E7A4F7556}") = "PCHCB.Web.ViewModels", "PCHCB.Web.ViewModels\PCHCB.Web.ViewModels.csproj", "{769D9933-9E72-4C9A-B16B-0E4F1739706D}"
EndProject
Project("{9A19103F-16F7-4668-BE54-9A1E7A4F7556}") = "PCHCB.Web.Infrastructure", "PCHCB.Web.Infrastructure\PCHCB.Web.Infrastructure.csproj", "{6C4AF975-441A-46ED-916A-04C47B26573B}"
EndProject
Project("{2150E333-8FDC-42A3-9474-1A3956D46DE8}") = "Services", "Services", "{37F6ADCD-1F68-48EE-BC1E-9B1DF04293AC}"
EndProject
Project("{2150E333-8FDC-42A3-9474-1A3956D46DE8}") = "Contracts", "Contracts", "{33145504-F79E-40F6-9A29-3DECD0C07B04}"
EndProject
Project("{FAE04EC0-301F-11D3-BF4B-00C04F79EFBC}") = "PCHCB.Services.Data", "PCHCB.Services.Data\PCHCB.Services.Data.csproj", "{AFD44BBB-C92E-43C5-99C9-D70C2F83C635}"
EndProject
Global
	GlobalSection(SolutionConfigurationPlatforms) = preSolution
		Debug|Any CPU = Debug|Any CPU
		Release|Any CPU = Release|Any CPU
	EndGlobalSection
	GlobalSection(ProjectConfigurationPlatforms) = postSolution
		{946C1A13-5B30-4537-A9FB-1B6B04D91123}.Debug|Any CPU.ActiveCfg = Debug|Any CPU
		{946C1A13-5B30-4537-A9FB-1B6B04D91123}.Debug|Any CPU.Build.0 = Debug|Any CPU
		{946C1A13-5B30-4537-A9FB-1B6B04D91123}.Release|Any CPU.ActiveCfg = Release|Any CPU
		{946C1A13-5B30-4537-A9FB-1B6B04D91123}.Release|Any CPU.Build.0 = Release|Any CPU
		{AD30DDEC-493A-4221-8C56-E44F35A19423}.Debug|Any CPU.ActiveCfg = Debug|Any CPU
		{AD30DDEC-493A-4221-8C56-E44F35A19423}.Debug|Any CPU.Build.0 = Debug|Any CPU
		{AD30DDEC-493A-4221-8C56-E44F35A19423}.Release|Any CPU.ActiveCfg = Release|Any CPU
		{AD30DDEC-493A-4221-8C56-E44F35A19423}.Release|Any CPU.Build.0 = Release|Any CPU
		{AF5C53E1-4E74-432F-BD8C-120E77D5D5A4}.Debug|Any CPU.ActiveCfg = Debug|Any CPU
		{AF5C53E1-4E74-432F-BD8C-120E77D5D5A4}.Debug|Any CPU.Build.0 = Debug|Any CPU
		{AF5C53E1-4E74-432F-BD8C-120E77D5D5A4}.Release|Any CPU.ActiveCfg = Release|Any CPU
		{AF5C53E1-4E74-432F-BD8C-120E77D5D5A4}.Release|Any CPU.Build.0 = Release|Any CPU
		{060D28D9-CAF1-4657-8CBD-374C33AA3EAF}.Debug|Any CPU.ActiveCfg = Debug|Any CPU
		{060D28D9-CAF1-4657-8CBD-374C33AA3EAF}.Debug|Any CPU.Build.0 = Debug|Any CPU
		{060D28D9-CAF1-4657-8CBD-374C33AA3EAF}.Release|Any CPU.ActiveCfg = Release|Any CPU
		{060D28D9-CAF1-4657-8CBD-374C33AA3EAF}.Release|Any CPU.Build.0 = Release|Any CPU
		{769D9933-9E72-4C9A-B16B-0E4F1739706D}.Debug|Any CPU.ActiveCfg = Debug|Any CPU
		{769D9933-9E72-4C9A-B16B-0E4F1739706D}.Debug|Any CPU.Build.0 = Debug|Any CPU
		{769D9933-9E72-4C9A-B16B-0E4F1739706D}.Release|Any CPU.ActiveCfg = Release|Any CPU
		{769D9933-9E72-4C9A-B16B-0E4F1739706D}.Release|Any CPU.Build.0 = Release|Any CPU
		{6C4AF975-441A-46ED-916A-04C47B26573B}.Debug|Any CPU.ActiveCfg = Debug|Any CPU
		{6C4AF975-441A-46ED-916A-04C47B26573B}.Debug|Any CPU.Build.0 = Debug|Any CPU
		{6C4AF975-441A-46ED-916A-04C47B26573B}.Release|Any CPU.ActiveCfg = Release|Any CPU
		{6C4AF975-441A-46ED-916A-04C47B26573B}.Release|Any CPU.Build.0 = Release|Any CPU
		{AFD44BBB-C92E-43C5-99C9-D70C2F83C635}.Debug|Any CPU.ActiveCfg = Debug|Any CPU
		{AFD44BBB-C92E-43C5-99C9-D70C2F83C635}.Debug|Any CPU.Build.0 = Debug|Any CPU
		{AFD44BBB-C92E-43C5-99C9-D70C2F83C635}.Release|Any CPU.ActiveCfg = Release|Any CPU
		{AFD44BBB-C92E-43C5-99C9-D70C2F83C635}.Release|Any CPU.Build.0 = Release|Any CPU
	EndGlobalSection
	GlobalSection(SolutionProperties) = preSolution
		HideSolutionNode = FALSE
	EndGlobalSection
	GlobalSection(NestedProjects) = preSolution
		{946C1A13-5B30-4537-A9FB-1B6B04D91123} = {C4FF5E83-1F75-44AE-B022-9AF74D5B5FBC}
		{AF5C53E1-4E74-432F-BD8C-120E77D5D5A4} = {0E40A9DC-1E42-45BD-B582-0F6C26297AE2}
		{060D28D9-CAF1-4657-8CBD-374C33AA3EAF} = {0E40A9DC-1E42-45BD-B582-0F6C26297AE2}
		{769D9933-9E72-4C9A-B16B-0E4F1739706D} = {C4FF5E83-1F75-44AE-B022-9AF74D5B5FBC}
		{6C4AF975-441A-46ED-916A-04C47B26573B} = {C4FF5E83-1F75-44AE-B022-9AF74D5B5FBC}
		{33145504-F79E-40F6-9A29-3DECD0C07B04} = {37F6ADCD-1F68-48EE-BC1E-9B1DF04293AC}
		{AFD44BBB-C92E-43C5-99C9-D70C2F83C635} = {37F6ADCD-1F68-48EE-BC1E-9B1DF04293AC}
	EndGlobalSection
	GlobalSection(ExtensibilityGlobals) = postSolution
		SolutionGuid = {CD7A1276-2B76-4ACF-B234-A74FBAE6D226}
	EndGlobalSection
EndGlobal
